
Microsoft Visual Studio Solution File, Format Version 12.00
# Visual Studio Version 17
VisualStudioVersion = 17.6.33723.286
MinimumVisualStudioVersion = 10.0.40219.1
Project("{FAE04EC0-301F-11D3-BF4B-00C04F79EFBC}") = "ConsumerAPI", "ConsumerAPI\ConsumerAPI.csproj", "{C1689419-DDA2-440D-A613-509BE59358F2}"
EndProject
Project("{FAE04EC0-301F-11D3-BF4B-00C04F79EFBC}") = "UtilityLibrary", "UtilityLibrary\UtilityLibrary.csproj", "{7BE86201-946A-4F00-9AEE-58573B1E1BE8}"
EndProject
Project("{FAE04EC0-301F-11D3-BF4B-00C04F79EFBC}") = "ConsumerAPITestV1", "ConsumerAPITestV1\ConsumerAPITestV1.csproj", "{D949C583-B780-449D-A254-EA5661320FD0}"
EndProject
Global
	GlobalSection(SolutionConfigurationPlatforms) = preSolution
		Debug|Any CPU = Debug|Any CPU
		Release|Any CPU = Release|Any CPU
	EndGlobalSection
	GlobalSection(ProjectConfigurationPlatforms) = postSolution
		{C1689419-DDA2-440D-A613-509BE59358F2}.Debug|Any CPU.ActiveCfg = Debug|Any CPU
		{C1689419-DDA2-440D-A613-509BE59358F2}.Debug|Any CPU.Build.0 = Debug|Any CPU
		{C1689419-DDA2-440D-A613-509BE59358F2}.Release|Any CPU.ActiveCfg = Release|Any CPU
		{C1689419-DDA2-440D-A613-509BE59358F2}.Release|Any CPU.Build.0 = Release|Any CPU
		{7BE86201-946A-4F00-9AEE-58573B1E1BE8}.Debug|Any CPU.ActiveCfg = Debug|Any CPU
		{7BE86201-946A-4F00-9AEE-58573B1E1BE8}.Debug|Any CPU.Build.0 = Debug|Any CPU
		{7BE86201-946A-4F00-9AEE-58573B1E1BE8}.Release|Any CPU.ActiveCfg = Release|Any CPU
		{7BE86201-946A-4F00-9AEE-58573B1E1BE8}.Release|Any CPU.Build.0 = Release|Any CPU
		{D949C583-B780-449D-A254-EA5661320FD0}.Debug|Any CPU.ActiveCfg = Debug|Any CPU
		{D949C583-B780-449D-A254-EA5661320FD0}.Debug|Any CPU.Build.0 = Debug|Any CPU
		{D949C583-B780-449D-A254-EA5661320FD0}.Release|Any CPU.ActiveCfg = Release|Any CPU
		{D949C583-B780-449D-A254-EA5661320FD0}.Release|Any CPU.Build.0 = Release|Any CPU
	EndGlobalSection
	GlobalSection(SolutionProperties) = preSolution
		HideSolutionNode = FALSE
	EndGlobalSection
	GlobalSection(ExtensibilityGlobals) = postSolution
		SolutionGuid = {C6B5409C-4167-4855-BAF5-07F31B5E4701}
	EndGlobalSection
EndGlobal
